
Microsoft Visual Studio Solution File, Format Version 12.00
# Visual Studio Version 17
VisualStudioVersion = 17.9.34701.34
MinimumVisualStudioVersion = 10.0.40219.1
Project("{9A19103F-16F7-4668-BE54-9A1E7A4F7556}") = "dotWright", "dotWright.csproj", "{FAF9B046-C072-4E14-87D4-AC8638D33CAC}"
EndProject
Global
	GlobalSection(SolutionConfigurationPlatforms) = preSolution
		Debug|Any CPU = Debug|Any CPU
		Release|Any CPU = Release|Any CPU
	EndGlobalSection
	GlobalSection(ProjectConfigurationPlatforms) = postSolution
		{FAF9B046-C072-4E14-87D4-AC8638D33CAC}.Debug|Any CPU.ActiveCfg = Debug|Any CPU
		{FAF9B046-C072-4E14-87D4-AC8638D33CAC}.Debug|Any CPU.Build.0 = Debug|Any CPU
		{FAF9B046-C072-4E14-87D4-AC8638D33CAC}.Release|Any CPU.ActiveCfg = Release|Any CPU
		{FAF9B046-C072-4E14-87D4-AC8638D33CAC}.Release|Any CPU.Build.0 = Release|Any CPU
	EndGlobalSection
	GlobalSection(SolutionProperties) = preSolution
		HideSolutionNode = FALSE
	EndGlobalSection
	GlobalSection(ExtensibilityGlobals) = postSolution
		SolutionGuid = {C91B8788-6BE6-4B34-8CF5-E0AF5D5156DA}
	EndGlobalSection
EndGlobal
